
Microsoft Visual Studio Solution File, Format Version 12.00
# Visual Studio Version 17
VisualStudioVersion = 17.3.32811.315
MinimumVisualStudioVersion = 10.0.40219.1
Project("{9A19103F-16F7-4668-BE54-9A1E7A4F7556}") = "1", "Project Euler\1.csproj", "{27226447-5C0A-4110-8C22-F792CCC88C30}"
EndProject
Project("{FAE04EC0-301F-11D3-BF4B-00C04F79EFBC}") = "2", "2\2.csproj", "{1B368F49-9BE7-4CFB-A4EE-5B3F6129B96C}"
EndProject
Global
	GlobalSection(SolutionConfigurationPlatforms) = preSolution
		Debug|Any CPU = Debug|Any CPU
		Release|Any CPU = Release|Any CPU
	EndGlobalSection
	GlobalSection(ProjectConfigurationPlatforms) = postSolution
		{27226447-5C0A-4110-8C22-F792CCC88C30}.Debug|Any CPU.ActiveCfg = Debug|Any CPU
		{27226447-5C0A-4110-8C22-F792CCC88C30}.Debug|Any CPU.Build.0 = Debug|Any CPU
		{27226447-5C0A-4110-8C22-F792CCC88C30}.Release|Any CPU.ActiveCfg = Release|Any CPU
		{27226447-5C0A-4110-8C22-F792CCC88C30}.Release|Any CPU.Build.0 = Release|Any CPU
		{1B368F49-9BE7-4CFB-A4EE-5B3F6129B96C}.Debug|Any CPU.ActiveCfg = Debug|Any CPU
		{1B368F49-9BE7-4CFB-A4EE-5B3F6129B96C}.Debug|Any CPU.Build.0 = Debug|Any CPU
		{1B368F49-9BE7-4CFB-A4EE-5B3F6129B96C}.Release|Any CPU.ActiveCfg = Release|Any CPU
		{1B368F49-9BE7-4CFB-A4EE-5B3F6129B96C}.Release|Any CPU.Build.0 = Release|Any CPU
	EndGlobalSection
	GlobalSection(SolutionProperties) = preSolution
		HideSolutionNode = FALSE
	EndGlobalSection
	GlobalSection(ExtensibilityGlobals) = postSolution
		SolutionGuid = {BC38A194-0B01-4647-BB10-0F8938AA0CDF}
	EndGlobalSection
EndGlobal
